
Microsoft Visual Studio Solution File, Format Version 12.00
# Visual Studio Version 17
VisualStudioVersion = 17.14.36109.1 d17.14
MinimumVisualStudioVersion = 10.0.40219.1
Project("{FAE04EC0-301F-11D3-BF4B-00C04F79EFBC}") = "TeamProjectPD422", "TeamProjectPD422\TeamProjectPD422.csproj", "{7416F94B-1166-43A6-AECB-32E20F2ECD2E}"
EndProject
Global
	GlobalSection(SolutionConfigurationPlatforms) = preSolution
		Debug|Any CPU = Debug|Any CPU
		Release|Any CPU = Release|Any CPU
	EndGlobalSection
	GlobalSection(ProjectConfigurationPlatforms) = postSolution
		{7416F94B-1166-43A6-AECB-32E20F2ECD2E}.Debug|Any CPU.ActiveCfg = Debug|Any CPU
		{7416F94B-1166-43A6-AECB-32E20F2ECD2E}.Debug|Any CPU.Build.0 = Debug|Any CPU
		{7416F94B-1166-43A6-AECB-32E20F2ECD2E}.Release|Any CPU.ActiveCfg = Release|Any CPU
		{7416F94B-1166-43A6-AECB-32E20F2ECD2E}.Release|Any CPU.Build.0 = Release|Any CPU
	EndGlobalSection
	GlobalSection(SolutionProperties) = preSolution
		HideSolutionNode = FALSE
	EndGlobalSection
	GlobalSection(ExtensibilityGlobals) = postSolution
		SolutionGuid = {38C1B497-006E-4515-8AAF-6B8B4F7CF83A}
	EndGlobalSection
EndGlobal
